
Microsoft Visual Studio Solution File, Format Version 12.00
Project("{2150E333-8FDC-42A3-9474-1A3956D46DE8}") = "Src", "Src", "{5BB977A0-0479-486D-AB35-BF768B395092}"
EndProject
Project("{2150E333-8FDC-42A3-9474-1A3956D46DE8}") = "Core", "Core", "{1B2D0DDF-135A-47AC-9C75-87013EAD3EE4}"
EndProject
Project("{FAE04EC0-301F-11D3-BF4B-00C04F79EFBC}") = "WepShop.Domain", "Src\Core\WepShop.Domain\WepShop.Domain.csproj", "{51244B76-8BC1-4E3B-9680-974AF1E28300}"
EndProject
Project("{FAE04EC0-301F-11D3-BF4B-00C04F79EFBC}") = "WepShop.Application", "Src\Core\WepShop.Application\WepShop.Application.csproj", "{185FC86A-3A14-4C20-A075-3D9E52878B2B}"
EndProject
Project("{2150E333-8FDC-42A3-9474-1A3956D46DE8}") = "Infrastructure", "Infrastructure", "{66417767-4FB8-419A-845D-A1CFB2501C52}"
EndProject
Project("{FAE04EC0-301F-11D3-BF4B-00C04F79EFBC}") = "WebShop.Infrastructure", "Src\Infrastructure\WebShop.Infrastructure\WebShop.Infrastructure.csproj", "{814A7683-CB7F-4419-8474-CC6A9330FCF6}"
EndProject
Project("{2150E333-8FDC-42A3-9474-1A3956D46DE8}") = "WepApi", "WepApi", "{7BB91036-82CC-490D-8226-8B9156F34F19}"
EndProject
Project("{FAE04EC0-301F-11D3-BF4B-00C04F79EFBC}") = "WebShop.Api", "Src\WepApi\WebShop.Api\WebShop.Api.csproj", "{2C915D19-0DAD-49C4-B042-A469552721A1}"
EndProject
Project("{2150E333-8FDC-42A3-9474-1A3956D46DE8}") = "Clients", "Clients", "{601681E2-B065-41D3-8F72-E5D62B4E87E6}"
EndProject
Project("{FAE04EC0-301F-11D3-BF4B-00C04F79EFBC}") = "WepShop.Ui", "Src\Clients\WepShop.Ui\WepShop.Ui.csproj", "{37A5FE97-30F0-4D5D-80E8-80ADC8767DFD}"
EndProject
Project("{FAE04EC0-301F-11D3-BF4B-00C04F79EFBC}") = "WepShop.AdminPanelUi", "Src\Clients\WepShop.AdminPanelUi\WepShop.AdminPanelUi.csproj", "{A73F5941-B36B-4166-942E-8E85D95C3C54}"
EndProject
Global
	GlobalSection(SolutionConfigurationPlatforms) = preSolution
		Debug|Any CPU = Debug|Any CPU
		Release|Any CPU = Release|Any CPU
	EndGlobalSection
	GlobalSection(NestedProjects) = preSolution
		{1B2D0DDF-135A-47AC-9C75-87013EAD3EE4} = {5BB977A0-0479-486D-AB35-BF768B395092}
		{51244B76-8BC1-4E3B-9680-974AF1E28300} = {1B2D0DDF-135A-47AC-9C75-87013EAD3EE4}
		{185FC86A-3A14-4C20-A075-3D9E52878B2B} = {1B2D0DDF-135A-47AC-9C75-87013EAD3EE4}
		{66417767-4FB8-419A-845D-A1CFB2501C52} = {5BB977A0-0479-486D-AB35-BF768B395092}
		{814A7683-CB7F-4419-8474-CC6A9330FCF6} = {66417767-4FB8-419A-845D-A1CFB2501C52}
		{7BB91036-82CC-490D-8226-8B9156F34F19} = {5BB977A0-0479-486D-AB35-BF768B395092}
		{2C915D19-0DAD-49C4-B042-A469552721A1} = {7BB91036-82CC-490D-8226-8B9156F34F19}
		{601681E2-B065-41D3-8F72-E5D62B4E87E6} = {5BB977A0-0479-486D-AB35-BF768B395092}
		{37A5FE97-30F0-4D5D-80E8-80ADC8767DFD} = {601681E2-B065-41D3-8F72-E5D62B4E87E6}
		{A73F5941-B36B-4166-942E-8E85D95C3C54} = {601681E2-B065-41D3-8F72-E5D62B4E87E6}
	EndGlobalSection
	GlobalSection(ProjectConfigurationPlatforms) = postSolution
		{51244B76-8BC1-4E3B-9680-974AF1E28300}.Debug|Any CPU.ActiveCfg = Debug|Any CPU
		{51244B76-8BC1-4E3B-9680-974AF1E28300}.Debug|Any CPU.Build.0 = Debug|Any CPU
		{51244B76-8BC1-4E3B-9680-974AF1E28300}.Release|Any CPU.ActiveCfg = Release|Any CPU
		{51244B76-8BC1-4E3B-9680-974AF1E28300}.Release|Any CPU.Build.0 = Release|Any CPU
		{185FC86A-3A14-4C20-A075-3D9E52878B2B}.Debug|Any CPU.ActiveCfg = Debug|Any CPU
		{185FC86A-3A14-4C20-A075-3D9E52878B2B}.Debug|Any CPU.Build.0 = Debug|Any CPU
		{185FC86A-3A14-4C20-A075-3D9E52878B2B}.Release|Any CPU.ActiveCfg = Release|Any CPU
		{185FC86A-3A14-4C20-A075-3D9E52878B2B}.Release|Any CPU.Build.0 = Release|Any CPU
		{814A7683-CB7F-4419-8474-CC6A9330FCF6}.Debug|Any CPU.ActiveCfg = Debug|Any CPU
		{814A7683-CB7F-4419-8474-CC6A9330FCF6}.Debug|Any CPU.Build.0 = Debug|Any CPU
		{814A7683-CB7F-4419-8474-CC6A9330FCF6}.Release|Any CPU.ActiveCfg = Release|Any CPU
		{814A7683-CB7F-4419-8474-CC6A9330FCF6}.Release|Any CPU.Build.0 = Release|Any CPU
		{2C915D19-0DAD-49C4-B042-A469552721A1}.Debug|Any CPU.ActiveCfg = Debug|Any CPU
		{2C915D19-0DAD-49C4-B042-A469552721A1}.Debug|Any CPU.Build.0 = Debug|Any CPU
		{2C915D19-0DAD-49C4-B042-A469552721A1}.Release|Any CPU.ActiveCfg = Release|Any CPU
		{2C915D19-0DAD-49C4-B042-A469552721A1}.Release|Any CPU.Build.0 = Release|Any CPU
		{37A5FE97-30F0-4D5D-80E8-80ADC8767DFD}.Debug|Any CPU.ActiveCfg = Debug|Any CPU
		{37A5FE97-30F0-4D5D-80E8-80ADC8767DFD}.Debug|Any CPU.Build.0 = Debug|Any CPU
		{37A5FE97-30F0-4D5D-80E8-80ADC8767DFD}.Release|Any CPU.ActiveCfg = Release|Any CPU
		{37A5FE97-30F0-4D5D-80E8-80ADC8767DFD}.Release|Any CPU.Build.0 = Release|Any CPU
		{A73F5941-B36B-4166-942E-8E85D95C3C54}.Debug|Any CPU.ActiveCfg = Debug|Any CPU
		{A73F5941-B36B-4166-942E-8E85D95C3C54}.Debug|Any CPU.Build.0 = Debug|Any CPU
		{A73F5941-B36B-4166-942E-8E85D95C3C54}.Release|Any CPU.ActiveCfg = Release|Any CPU
		{A73F5941-B36B-4166-942E-8E85D95C3C54}.Release|Any CPU.Build.0 = Release|Any CPU
	EndGlobalSection
EndGlobal
